// !$*UTF8*$!
{
	archiveVersion = 1;
	classes = {
	};
	objectVersion = 46;
	objects = {

/* Begin PBXBuildFile section */
		584BA9241DD05C37004ADEFA /* main.m in Sources */ = {isa = PBXBuildFile; fileRef = 584BA9231DD05C37004ADEFA /* main.m */; };
		584BA9271DD05C37004ADEFA /* AppDelegate.m in Sources */ = {isa = PBXBuildFile; fileRef = 584BA9261DD05C37004ADEFA /* AppDelegate.m */; };
		584BA92A1DD05C37004ADEFA /* ViewController.m in Sources */ = {isa = PBXBuildFile; fileRef = 584BA9291DD05C37004ADEFA /* ViewController.m */; };
		584BA92D1DD05C37004ADEFA /* Main.storyboard in Resources */ = {isa = PBXBuildFile; fileRef = 584BA92B1DD05C37004ADEFA /* Main.storyboard */; };
		584BA92F1DD05C37004ADEFA /* Assets.xcassets in Resources */ = {isa = PBXBuildFile; fileRef = 584BA92E1DD05C37004ADEFA /* Assets.xcassets */; };
		584BA9321DD05C37004ADEFA /* LaunchScreen.storyboard in Resources */ = {isa = PBXBuildFile; fileRef = 584BA9301DD05C37004ADEFA /* LaunchScreen.storyboard */; };
		584BA93D1DD05C37004ADEFA /* RACCommandExtensionsTests.m in Sources */ = {isa = PBXBuildFile; fileRef = 584BA93C1DD05C37004ADEFA /* RACCommandExtensionsTests.m */; };
/* End PBXBuildFile section */

/* Begin PBXContainerItemProxy section */
		584BA9391DD05C37004ADEFA /* PBXContainerItemProxy */ = {
			isa = PBXContainerItemProxy;
			containerPortal = 584BA9171DD05C37004ADEFA /* Project object */;
			proxyType = 1;
			remoteGlobalIDString = 584BA91E1DD05C37004ADEFA;
			remoteInfo = RACCommandExtensions;
		};
/* End PBXContainerItemProxy section */

/* Begin PBXFileReference section */
		584BA91F1DD05C37004ADEFA /* RACCommandExtensions.app */ = {isa = PBXFileReference; explicitFileType = wrapper.application; includeInIndex = 0; path = RACCommandExtensions.app; sourceTree = BUILT_PRODUCTS_DIR; };
		584BA9231DD05C37004ADEFA /* main.m */ = {isa = PBXFileReference; lastKnownFileType = sourcecode.c.objc; path = main.m; sourceTree = "<group>"; };
		584BA9251DD05C37004ADEFA /* AppDelegate.h */ = {isa = PBXFileReference; lastKnownFileType = sourcecode.c.h; path = AppDelegate.h; sourceTree = "<group>"; };
		584BA9261DD05C37004ADEFA /* AppDelegate.m */ = {isa = PBXFileReference; lastKnownFileType = sourcecode.c.objc; path = AppDelegate.m; sourceTree = "<group>"; };
		584BA9281DD05C37004ADEFA /* ViewController.h */ = {isa = PBXFileReference; lastKnownFileType = sourcecode.c.h; path = ViewController.h; sourceTree = "<group>"; };
		584BA9291DD05C37004ADEFA /* ViewController.m */ = {isa = PBXFileReference; lastKnownFileType = sourcecode.c.objc; path = ViewController.m; sourceTree = "<group>"; };
		584BA92C1DD05C37004ADEFA /* Base */ = {isa = PBXFileReference; lastKnownFileType = file.storyboard; name = Base; path = Base.lproj/Main.storyboard; sourceTree = "<group>"; };
		584BA92E1DD05C37004ADEFA /* Assets.xcassets */ = {isa = PBXFileReference; lastKnownFileType = folder.assetcatalog; path = Assets.xcassets; sourceTree = "<group>"; };
		584BA9311DD05C37004ADEFA /* Base */ = {isa = PBXFileReference; lastKnownFileType = file.storyboard; name = Base; path = Base.lproj/LaunchScreen.storyboard; sourceTree = "<group>"; };
		584BA9331DD05C37004ADEFA /* Info.plist */ = {isa = PBXFileReference; lastKnownFileType = text.plist.xml; path = Info.plist; sourceTree = "<group>"; };
		584BA9381DD05C37004ADEFA /* RACCommandExtensionsTests.xctest */ = {isa = PBXFileReference; explicitFileType = wrapper.cfbundle; includeInIndex = 0; path = RACCommandExtensionsTests.xctest; sourceTree = BUILT_PRODUCTS_DIR; };
		584BA93C1DD05C37004ADEFA /* RACCommandExtensionsTests.m */ = {isa = PBXFileReference; lastKnownFileType = sourcecode.c.objc; path = RACCommandExtensionsTests.m; sourceTree = "<group>"; };
		584BA93E1DD05C38004ADEFA /* Info.plist */ = {isa = PBXFileReference; lastKnownFileType = text.plist.xml; path = Info.plist; sourceTree = "<group>"; };
/* End PBXFileReference section */

/* Begin PBXFrameworksBuildPhase section */
		584BA91C1DD05C37004ADEFA /* Frameworks */ = {
			isa = PBXFrameworksBuildPhase;
			buildActionMask = 2147483647;
			files = (
			);
			runOnlyForDeploymentPostprocessing = 0;
		};
		584BA9351DD05C37004ADEFA /* Frameworks */ = {
			isa = PBXFrameworksBuildPhase;
			buildActionMask = 2147483647;
			files = (
			);
			runOnlyForDeploymentPostprocessing = 0;
		};
/* End PBXFrameworksBuildPhase section */

/* Begin PBXGroup section */
		584BA9161DD05C37004ADEFA = {
			isa = PBXGroup;
			children = (
				584BA9211DD05C37004ADEFA /* RACCommandExtensions */,
				584BA93B1DD05C37004ADEFA /* RACCommandExtensionsTests */,
				584BA9201DD05C37004ADEFA /* Products */,
			);
			sourceTree = "<group>";
		};
		584BA9201DD05C37004ADEFA /* Products */ = {
			isa = PBXGroup;
			children = (
				584BA91F1DD05C37004ADEFA /* RACCommandExtensions.app */,
				584BA9381DD05C37004ADEFA /* RACCommandExtensionsTests.xctest */,
			);
			name = Products;
			sourceTree = "<group>";
		};
		584BA9211DD05C37004ADEFA /* RACCommandExtensions */ = {
			isa = PBXGroup;
			children = (
				584BA9251DD05C37004ADEFA /* AppDelegate.h */,
				584BA9261DD05C37004ADEFA /* AppDelegate.m */,
				584BA9281DD05C37004ADEFA /* ViewController.h */,
				584BA9291DD05C37004ADEFA /* ViewController.m */,
				584BA92B1DD05C37004ADEFA /* Main.storyboard */,
				584BA92E1DD05C37004ADEFA /* Assets.xcassets */,
				584BA9301DD05C37004ADEFA /* LaunchScreen.storyboard */,
				584BA9331DD05C37004ADEFA /* Info.plist */,
				584BA9221DD05C37004ADEFA /* Supporting Files */,
			);
			path = RACCommandExtensions;
			sourceTree = "<group>";
		};
		584BA9221DD05C37004ADEFA /* Supporting Files */ = {
			isa = PBXGroup;
			children = (
				584BA9231DD05C37004ADEFA /* main.m */,
			);
			name = "Supporting Files";
			sourceTree = "<group>";
		};
		584BA93B1DD05C37004ADEFA /* RACCommandExtensionsTests */ = {
			isa = PBXGroup;
			children = (
				584BA93C1DD05C37004ADEFA /* RACCommandExtensionsTests.m */,
				584BA93E1DD05C38004ADEFA /* Info.plist */,
			);
			path = RACCommandExtensionsTests;
			sourceTree = "<group>";
		};
/* End PBXGroup section */

/* Begin PBXNativeTarget section */
		584BA91E1DD05C37004ADEFA /* RACCommandExtensions */ = {
			isa = PBXNativeTarget;
			buildConfigurationList = 584BA9411DD05C38004ADEFA /* Build configuration list for PBXNativeTarget "RACCommandExtensions" */;
			buildPhases = (
				584BA91B1DD05C37004ADEFA /* Sources */,
				584BA91C1DD05C37004ADEFA /* Frameworks */,
				584BA91D1DD05C37004ADEFA /* Resources */,
			);
			buildRules = (
			);
			dependencies = (
			);
			name = RACCommandExtensions;
			productName = RACCommandExtensions;
			productReference = 584BA91F1DD05C37004ADEFA /* RACCommandExtensions.app */;
			productType = "com.apple.product-type.application";
		};
		584BA9371DD05C37004ADEFA /* RACCommandExtensionsTests */ = {
			isa = PBXNativeTarget;
			buildConfigurationList = 584BA9441DD05C38004ADEFA /* Build configuration list for PBXNativeTarget "RACCommandExtensionsTests" */;
			buildPhases = (
				584BA9341DD05C37004ADEFA /* Sources */,
				584BA9351DD05C37004ADEFA /* Frameworks */,
				584BA9361DD05C37004ADEFA /* Resources */,
			);
			buildRules = (
			);
			dependencies = (
				584BA93A1DD05C37004ADEFA /* PBXTargetDependency */,
			);
			name = RACCommandExtensionsTests;
			productName = RACCommandExtensionsTests;
			productReference = 584BA9381DD05C37004ADEFA /* RACCommandExtensionsTests.xctest */;
			productType = "com.apple.product-type.bundle.unit-test";
		};
/* End PBXNativeTarget section */

/* Begin PBXProject section */
		584BA9171DD05C37004ADEFA /* Project object */ = {
			isa = PBXProject;
			attributes = {
				LastUpgradeCheck = 0810;
				ORGANIZATIONNAME = Github;
				TargetAttributes = {
					584BA91E1DD05C37004ADEFA = {
						CreatedOnToolsVersion = 8.1;
						ProvisioningStyle = Automatic;
					};
					584BA9371DD05C37004ADEFA = {
						CreatedOnToolsVersion = 8.1;
						ProvisioningStyle = Automatic;
						TestTargetID = 584BA91E1DD05C37004ADEFA;
					};
				};
			};
			buildConfigurationList = 584BA91A1DD05C37004ADEFA /* Build configuration list for PBXProject "RACCommandExtensions" */;
			compatibilityVersion = "Xcode 3.2";
			developmentRegion = English;
			hasScannedForEncodings = 0;
			knownRegions = (
				en,
				Base,
			);
			mainGroup = 584BA9161DD05C37004ADEFA;
			productRefGroup = 584BA9201DD05C37004ADEFA /* Products */;
			projectDirPath = "";
			projectRoot = "";
			targets = (
				584BA91E1DD05C37004ADEFA /* RACCommandExtensions */,
				584BA9371DD05C37004ADEFA /* RACCommandExtensionsTests */,
			);
		};
/* End PBXProject section */

/* Begin PBXResourcesBuildPhase section */
		584BA91D1DD05C37004ADEFA /* Resources */ = {
			isa = PBXResourcesBuildPhase;
			buildActionMask = 2147483647;
			files = (
				584BA9321DD05C37004ADEFA /* LaunchScreen.storyboard in Resources */,
				584BA92F1DD05C37004ADEFA /* Assets.xcassets in Resources */,
				584BA92D1DD05C37004ADEFA /* Main.storyboard in Resources */,
			);
			runOnlyForDeploymentPostprocessing = 0;
		};
		584BA9361DD05C37004ADEFA /* Resources */ = {
			isa = PBXResourcesBuildPhase;
			buildActionMask = 2147483647;
			files = (
			);
			runOnlyForDeploymentPostprocessing = 0;
		};
/* End PBXResourcesBuildPhase section */

/* Begin PBXSourcesBuildPhase section */
		584BA91B1DD05C37004ADEFA /* Sources */ = {
			isa = PBXSourcesBuildPhase;
			buildActionMask = 2147483647;
			files = (
				584BA92A1DD05C37004ADEFA /* ViewController.m in Sources */,
				584BA9271DD05C37004ADEFA /* AppDelegate.m in Sources */,
				584BA9241DD05C37004ADEFA /* main.m in Sources */,
			);
			runOnlyForDeploymentPostprocessing = 0;
		};
		584BA9341DD05C37004ADEFA /* Sources */ = {
			isa = PBXSourcesBuildPhase;
			buildActionMask = 2147483647;
			files = (
				584BA93D1DD05C37004ADEFA /* RACCommandExtensionsTests.m in Sources */,
			);
			runOnlyForDeploymentPostprocessing = 0;
		};
/* End PBXSourcesBuildPhase section */

/* Begin PBXTargetDependency section */
		584BA93A1DD05C37004ADEFA /* PBXTargetDependency */ = {
			isa = PBXTargetDependency;
			target = 584BA91E1DD05C37004ADEFA /* RACCommandExtensions */;
			targetProxy = 584BA9391DD05C37004ADEFA /* PBXContainerItemProxy */;
		};
/* End PBXTargetDependency section */

/* Begin PBXVariantGroup section */
		584BA92B1DD05C37004ADEFA /* Main.storyboard */ = {
			isa = PBXVariantGroup;
			children = (
				584BA92C1DD05C37004ADEFA /* Base */,
			);
			name = Main.storyboard;
			sourceTree = "<group>";
		};
		584BA9301DD05C37004ADEFA /* LaunchScreen.storyboard */ = {
			isa = PBXVariantGroup;
			children = (
				584BA9311DD05C37004ADEFA /* Base */,
			);
			name = LaunchScreen.storyboard;
			sourceTree = "<group>";
		};
/* End PBXVariantGroup section */

/* Begin XCBuildConfiguration section */
		584BA93F1DD05C38004ADEFA /* Debug */ = {
			isa = XCBuildConfiguration;
			buildSettings = {
				ALWAYS_SEARCH_USER_PATHS = NO;
				CLANG_ANALYZER_NONNULL = YES;
				CLANG_CXX_LANGUAGE_STANDARD = "gnu++0x";
				CLANG_CXX_LIBRARY = "libc++";
				CLANG_ENABLE_MODULES = YES;
				CLANG_ENABLE_OBJC_ARC = YES;
				CLANG_WARN_BOOL_CONVERSION = YES;
				CLANG_WARN_CONSTANT_CONVERSION = YES;
				CLANG_WARN_DIRECT_OBJC_ISA_USAGE = YES_ERROR;
				CLANG_WARN_DOCUMENTATION_COMMENTS = YES;
				CLANG_WARN_EMPTY_BODY = YES;
				CLANG_WARN_ENUM_CONVERSION = YES;
				CLANG_WARN_INFINITE_RECURSION = YES;
				CLANG_WARN_INT_CONVERSION = YES;
				CLANG_WARN_OBJC_ROOT_CLASS = YES_ERROR;
				CLANG_WARN_SUSPICIOUS_MOVES = YES;
				CLANG_WARN_UNREACHABLE_CODE = YES;
				CLANG_WARN__DUPLICATE_METHOD_MATCH = YES;
				"CODE_SIGN_IDENTITY[sdk=iphoneos*]" = "iPhone Developer";
				COPY_PHASE_STRIP = NO;
				DEBUG_INFORMATION_FORMAT = dwarf;
				ENABLE_STRICT_OBJC_MSGSEND = YES;
				ENABLE_TESTABILITY = YES;
				GCC_C_LANGUAGE_STANDARD = gnu99;
				GCC_DYNAMIC_NO_PIC = NO;
				GCC_NO_COMMON_BLOCKS = YES;
				GCC_OPTIMIZATION_LEVEL = 0;
				GCC_PREPROCESSOR_DEFINITIONS = (
					"DEBUG=1",
					"$(inherited)",
				);
				GCC_WARN_64_TO_32_BIT_CONVERSION = YES;
				GCC_WARN_ABOUT_RETURN_TYPE = YES_ERROR;
				GCC_WARN_UNDECLARED_SELECTOR = YES;
				GCC_WARN_UNINITIALIZED_AUTOS = YES_AGGRESSIVE;
				GCC_WARN_UNUSED_FUNCTION = YES;
				GCC_WARN_UNUSED_VARIABLE = YES;
				IPHONEOS_DEPLOYMENT_TARGET = 10.1;
				MTL_ENABLE_DEBUG_INFO = YES;
				ONLY_ACTIVE_ARCH = YES;
				SDKROOT = iphoneos;
			};
			name = Debug;
		};
		584BA9401DD05C38004ADEFA /* Release */ = {
			isa = XCBuildConfiguration;
			buildSettings = {
				ALWAYS_SEARCH_USER_PATHS = NO;
				CLANG_ANALYZER_NONNULL = YES;
				CLANG_CXX_LANGUAGE_STANDARD = "gnu++0x";
				CLANG_CXX_LIBRARY = "libc++";
				CLANG_ENABLE_MODULES = YES;
				CLANG_ENABLE_OBJC_ARC = YES;
				CLANG_WARN_BOOL_CONVERSION = YES;
				CLANG_WARN_CONSTANT_CONVERSION = YES;
				CLANG_WARN_DIRECT_OBJC_ISA_USAGE = YES_ERROR;
				CLANG_WARN_DOCUMENTATION_COMMENTS = YES;
				CLANG_WARN_EMPTY_BODY = YES;
				CLANG_WARN_ENUM_CONVERSION = YES;
				CLANG_WARN_INFINITE_RECURSION = YES;
				CLANG_WARN_INT_CONVERSION = YES;
				CLANG_WARN_OBJC_ROOT_CLASS = YES_ERROR;
				CLANG_WARN_SUSPICIOUS_MOVES = YES;
				CLANG_WARN_UNREACHABLE_CODE = YES;
				CLANG_WARN__DUPLICATE_METHOD_MATCH = YES;
				"CODE_SIGN_IDENTITY[sdk=iphoneos*]" = "iPhone Developer";
				COPY_PHASE_STRIP = NO;
				DEBUG_INFORMATION_FORMAT = "dwarf-with-dsym";
				ENABLE_NS_ASSERTIONS = NO;
				ENABLE_STRICT_OBJC_MSGSEND = YES;
				GCC_C_LANGUAGE_STANDARD = gnu99;
				GCC_NO_COMMON_BLOCKS = YES;
				GCC_WARN_64_TO_32_BIT_CONVERSION = YES;
				GCC_WARN_ABOUT_RETURN_TYPE = YES_ERROR;
				GCC_WARN_UNDECLARED_SELECTOR = YES;
				GCC_WARN_UNINITIALIZED_AUTOS = YES_AGGRESSIVE;
				GCC_WARN_UNUSED_FUNCTION = YES;
				GCC_WARN_UNUSED_VARIABLE = YES;
				IPHONEOS_DEPLOYMENT_TARGET = 10.1;
				MTL_ENABLE_DEBUG_INFO = NO;
				SDKROOT = iphoneos;
				VALIDATE_PRODUCT = YES;
			};
			name = Release;
		};
		584BA9421DD05C38004ADEFA /* Debug */ = {
			isa = XCBuildConfiguration;
			buildSettings = {
				ASSETCATALOG_COMPILER_APPICON_NAME = AppIcon;
				INFOPLIST_FILE = RACCommandExtensions/Info.plist;
				LD_RUNPATH_SEARCH_PATHS = "$(inherited) @executable_path/Frameworks";
				PRODUCT_BUNDLE_IDENTIFIER = "com.taobao.raccommand-ex.RACCommandExtensions";
				PRODUCT_NAME = "$(TARGET_NAME)";
			};
			name = Debug;
		};
		584BA9431DD05C38004ADEFA /* Release */ = {
			isa = XCBuildConfiguration;
			buildSettings = {
				ASSETCATALOG_COMPILER_APPICON_NAME = AppIcon;
				INFOPLIST_FILE = RACCommandExtensions/Info.plist;
				LD_RUNPATH_SEARCH_PATHS = "$(inherited) @executable_path/Frameworks";
				PRODUCT_BUNDLE_IDENTIFIER = "com.taobao.raccommand-ex.RACCommandExtensions";
				PRODUCT_NAME = "$(TARGET_NAME)";
			};
			name = Release;
		};
		584BA9451DD05C38004ADEFA /* Debug */ = {
			isa = XCBuildConfiguration;
			buildSettings = {
				BUNDLE_LOADER = "$(TEST_HOST)";
				INFOPLIST_FILE = RACCommandExtensionsTests/Info.plist;
				LD_RUNPATH_SEARCH_PATHS = "$(inherited) @executable_path/Frameworks @loader_path/Frameworks";
				PRODUCT_BUNDLE_IDENTIFIER = "com.taobao.raccommand-ex.RACCommandExtensionsTests";
				PRODUCT_NAME = "$(TARGET_NAME)";
				TEST_HOST = "$(BUILT_PRODUCTS_DIR)/RACCommandExtensions.app/RACCommandExtensions";
			};
			name = Debug;
		};
		584BA9461DD05C38004ADEFA /* Release */ = {
			isa = XCBuildConfiguration;
			buildSettings = {
				BUNDLE_LOADER = "$(TEST_HOST)";
				INFOPLIST_FILE = RACCommandExtensionsTests/Info.plist;
				LD_RUNPATH_SEARCH_PATHS = "$(inherited) @executable_path/Frameworks @loader_path/Frameworks";
				PRODUCT_BUNDLE_IDENTIFIER = "com.taobao.raccommand-ex.RACCommandExtensionsTests";
				PRODUCT_NAME = "$(TARGET_NAME)";
				TEST_HOST = "$(BUILT_PRODUCTS_DIR)/RACCommandExtensions.app/RACCommandExtensions";
			};
			name = Release;
		};
/* End XCBuildConfiguration section */

/* Begin XCConfigurationList section */
		584BA91A1DD05C37004ADEFA /* Build configuration list for PBXProject "RACCommandExtensions" */ = {
			isa = XCConfigurationList;
			buildConfigurations = (
				584BA93F1DD05C38004ADEFA /* Debug */,
				584BA9401DD05C38004ADEFA /* Release */,
			);
			defaultConfigurationIsVisible = 0;
			defaultConfigurationName = Release;
		};
		584BA9411DD05C38004ADEFA /* Build configuration list for PBXNativeTarget "RACCommandExtensions" */ = {
			isa = XCConfigurationList;
			buildConfigurations = (
				584BA9421DD05C38004ADEFA /* Debug */,
				584BA9431DD05C38004ADEFA /* Release */,
			);
			defaultConfigurationIsVisible = 0;
		};
		584BA9441DD05C38004ADEFA /* Build configuration list for PBXNativeTarget "RACCommandExtensionsTests" */ = {
			isa = XCConfigurationList;
			buildConfigurations = (
				584BA9451DD05C38004ADEFA /* Debug */,
				584BA9461DD05C38004ADEFA /* Release */,
			);
			defaultConfigurationIsVisible = 0;
		};
/* End XCConfigurationList section */
	};
	rootObject = 584BA9171DD05C37004ADEFA /* Project object */;
}
